// !$*UTF8*$!
{
	archiveVersion = 1;
	classes = {
	};
	objectVersion = 46;
	objects = {

/* Begin PBXBuildFile section */
		E8A5B09C1967316C00BA3AB7 /* Foundation.framework in Frameworks */ = {isa = PBXBuildFile; fileRef = E8A5B09B1967316C00BA3AB7 /* Foundation.framework */; };
		E8A5B09E1967316C00BA3AB7 /* CoreGraphics.framework in Frameworks */ = {isa = PBXBuildFile; fileRef = E8A5B09D1967316C00BA3AB7 /* CoreGraphics.framework */; };
		E8A5B0A01967316C00BA3AB7 /* UIKit.framework in Frameworks */ = {isa = PBXBuildFile; fileRef = E8A5B09F1967316C00BA3AB7 /* UIKit.framework */; };
		E8A5B0A61967316C00BA3AB7 /* InfoPlist.strings in Resources */ = {isa = PBXBuildFile; fileRef = E8A5B0A41967316C00BA3AB7 /* InfoPlist.strings */; };
		E8A5B0A81967316C00BA3AB7 /* main.m in Sources */ = {isa = PBXBuildFile; fileRef = E8A5B0A71967316C00BA3AB7 /* main.m */; };
		E8A5B0AC1967316C00BA3AB7 /* DMAppDelegate.m in Sources */ = {isa = PBXBuildFile; fileRef = E8A5B0AB1967316C00BA3AB7 /* DMAppDelegate.m */; };
		E8A5B0AF1967316C00BA3AB7 /* Main.storyboard in Resources */ = {isa = PBXBuildFile; fileRef = E8A5B0AD1967316C00BA3AB7 /* Main.storyboard */; };
		E8A5B0B21967316C00BA3AB7 /* DMViewController.m in Sources */ = {isa = PBXBuildFile; fileRef = E8A5B0B11967316C00BA3AB7 /* DMViewController.m */; };
		E8A5B0B41967316C00BA3AB7 /* Images.xcassets in Resources */ = {isa = PBXBuildFile; fileRef = E8A5B0B31967316C00BA3AB7 /* Images.xcassets */; };
		E8A5B0BB1967316C00BA3AB7 /* XCTest.framework in Frameworks */ = {isa = PBXBuildFile; fileRef = E8A5B0BA1967316C00BA3AB7 /* XCTest.framework */; };
		E8A5B0BC1967316C00BA3AB7 /* Foundation.framework in Frameworks */ = {isa = PBXBuildFile; fileRef = E8A5B09B1967316C00BA3AB7 /* Foundation.framework */; };
		E8A5B0BD1967316C00BA3AB7 /* UIKit.framework in Frameworks */ = {isa = PBXBuildFile; fileRef = E8A5B09F1967316C00BA3AB7 /* UIKit.framework */; };
		E8A5B0C51967316C00BA3AB7 /* InfoPlist.strings in Resources */ = {isa = PBXBuildFile; fileRef = E8A5B0C31967316C00BA3AB7 /* InfoPlist.strings */; };
		E8A5B0C71967316C00BA3AB7 /* pre_course_gitTests.m in Sources */ = {isa = PBXBuildFile; fileRef = E8A5B0C61967316C00BA3AB7 /* pre_course_gitTests.m */; };
/* End PBXBuildFile section */

/* Begin PBXContainerItemProxy section */
		E8A5B0BE1967316C00BA3AB7 /* PBXContainerItemProxy */ = {
			isa = PBXContainerItemProxy;
			containerPortal = E8A5B0901967316C00BA3AB7 /* Project object */;
			proxyType = 1;
			remoteGlobalIDString = E8A5B0971967316C00BA3AB7;
			remoteInfo = "pre-course-git";
		};
/* End PBXContainerItemProxy section */

/* Begin PBXFileReference section */
		E8A5B0981967316C00BA3AB7 /* pre-course-git.app */ = {isa = PBXFileReference; explicitFileType = wrapper.application; includeInIndex = 0; path = "pre-course-git.app"; sourceTree = BUILT_PRODUCTS_DIR; };
		E8A5B09B1967316C00BA3AB7 /* Foundation.framework */ = {isa = PBXFileReference; lastKnownFileType = wrapper.framework; name = Foundation.framework; path = System/Library/Frameworks/Foundation.framework; sourceTree = SDKROOT; };
		E8A5B09D1967316C00BA3AB7 /* CoreGraphics.framework */ = {isa = PBXFileReference; lastKnownFileType = wrapper.framework; name = CoreGraphics.framework; path = System/Library/Frameworks/CoreGraphics.framework; sourceTree = SDKROOT; };
		E8A5B09F1967316C00BA3AB7 /* UIKit.framework */ = {isa = PBXFileReference; lastKnownFileType = wrapper.framework; name = UIKit.framework; path = System/Library/Frameworks/UIKit.framework; sourceTree = SDKROOT; };
		E8A5B0A31967316C00BA3AB7 /* pre-course-git-Info.plist */ = {isa = PBXFileReference; lastKnownFileType = text.plist.xml; path = "pre-course-git-Info.plist"; sourceTree = "<group>"; };
		E8A5B0A51967316C00BA3AB7 /* en */ = {isa = PBXFileReference; lastKnownFileType = text.plist.strings; name = en; path = en.lproj/InfoPlist.strings; sourceTree = "<group>"; };
		E8A5B0A71967316C00BA3AB7 /* main.m */ = {isa = PBXFileReference; lastKnownFileType = sourcecode.c.objc; path = main.m; sourceTree = "<group>"; };
		E8A5B0A91967316C00BA3AB7 /* pre-course-git-Prefix.pch */ = {isa = PBXFileReference; lastKnownFileType = sourcecode.c.h; path = "pre-course-git-Prefix.pch"; sourceTree = "<group>"; };
		E8A5B0AA1967316C00BA3AB7 /* DMAppDelegate.h */ = {isa = PBXFileReference; lastKnownFileType = sourcecode.c.h; path = DMAppDelegate.h; sourceTree = "<group>"; };
		E8A5B0AB1967316C00BA3AB7 /* DMAppDelegate.m */ = {isa = PBXFileReference; lastKnownFileType = sourcecode.c.objc; path = DMAppDelegate.m; sourceTree = "<group>"; };
		E8A5B0AE1967316C00BA3AB7 /* Base */ = {isa = PBXFileReference; lastKnownFileType = file.storyboard; name = Base; path = Base.lproj/Main.storyboard; sourceTree = "<group>"; };
		E8A5B0B01967316C00BA3AB7 /* DMViewController.h */ = {isa = PBXFileReference; lastKnownFileType = sourcecode.c.h; path = DMViewController.h; sourceTree = "<group>"; };
		E8A5B0B11967316C00BA3AB7 /* DMViewController.m */ = {isa = PBXFileReference; lastKnownFileType = sourcecode.c.objc; path = DMViewController.m; sourceTree = "<group>"; };
		E8A5B0B31967316C00BA3AB7 /* Images.xcassets */ = {isa = PBXFileReference; lastKnownFileType = folder.assetcatalog; path = Images.xcassets; sourceTree = "<group>"; };
		E8A5B0B91967316C00BA3AB7 /* pre-course-gitTests.xctest */ = {isa = PBXFileReference; explicitFileType = wrapper.cfbundle; includeInIndex = 0; path = "pre-course-gitTests.xctest"; sourceTree = BUILT_PRODUCTS_DIR; };
		E8A5B0BA1967316C00BA3AB7 /* XCTest.framework */ = {isa = PBXFileReference; lastKnownFileType = wrapper.framework; name = XCTest.framework; path = Library/Frameworks/XCTest.framework; sourceTree = DEVELOPER_DIR; };
		E8A5B0C21967316C00BA3AB7 /* pre-course-gitTests-Info.plist */ = {isa = PBXFileReference; lastKnownFileType = text.plist.xml; path = "pre-course-gitTests-Info.plist"; sourceTree = "<group>"; };
		E8A5B0C41967316C00BA3AB7 /* en */ = {isa = PBXFileReference; lastKnownFileType = text.plist.strings; name = en; path = en.lproj/InfoPlist.strings; sourceTree = "<group>"; };
		E8A5B0C61967316C00BA3AB7 /* pre_course_gitTests.m */ = {isa = PBXFileReference; lastKnownFileType = sourcecode.c.objc; path = pre_course_gitTests.m; sourceTree = "<group>"; };
/* End PBXFileReference section */

/* Begin PBXFrameworksBuildPhase section */
		E8A5B0951967316C00BA3AB7 /* Frameworks */ = {
			isa = PBXFrameworksBuildPhase;
			buildActionMask = 2147483647;
			files = (
				E8A5B09E1967316C00BA3AB7 /* CoreGraphics.framework in Frameworks */,
				E8A5B0A01967316C00BA3AB7 /* UIKit.framework in Frameworks */,
				E8A5B09C1967316C00BA3AB7 /* Foundation.framework in Frameworks */,
			);
			runOnlyForDeploymentPostprocessing = 0;
		};
		E8A5B0B61967316C00BA3AB7 /* Frameworks */ = {
			isa = PBXFrameworksBuildPhase;
			buildActionMask = 2147483647;
			files = (
				E8A5B0BB1967316C00BA3AB7 /* XCTest.framework in Frameworks */,
				E8A5B0BD1967316C00BA3AB7 /* UIKit.framework in Frameworks */,
				E8A5B0BC1967316C00BA3AB7 /* Foundation.framework in Frameworks */,
			);
			runOnlyForDeploymentPostprocessing = 0;
		};
/* End PBXFrameworksBuildPhase section */

/* Begin PBXGroup section */
		E8A5B08F1967316C00BA3AB7 = {
			isa = PBXGroup;
			children = (
				E8A5B0A11967316C00BA3AB7 /* pre-course-git */,
				E8A5B0C01967316C00BA3AB7 /* pre-course-gitTests */,
				E8A5B09A1967316C00BA3AB7 /* Frameworks */,
				E8A5B0991967316C00BA3AB7 /* Products */,
			);
			sourceTree = "<group>";
		};
		E8A5B0991967316C00BA3AB7 /* Products */ = {
			isa = PBXGroup;
			children = (
				E8A5B0981967316C00BA3AB7 /* pre-course-git.app */,
				E8A5B0B91967316C00BA3AB7 /* pre-course-gitTests.xctest */,
			);
			name = Products;
			sourceTree = "<group>";
		};
		E8A5B09A1967316C00BA3AB7 /* Frameworks */ = {
			isa = PBXGroup;
			children = (
				E8A5B09B1967316C00BA3AB7 /* Foundation.framework */,
				E8A5B09D1967316C00BA3AB7 /* CoreGraphics.framework */,
				E8A5B09F1967316C00BA3AB7 /* UIKit.framework */,
				E8A5B0BA1967316C00BA3AB7 /* XCTest.framework */,
			);
			name = Frameworks;
			sourceTree = "<group>";
		};
		E8A5B0A11967316C00BA3AB7 /* pre-course-git */ = {
			isa = PBXGroup;
			children = (
				E8A5B0AA1967316C00BA3AB7 /* DMAppDelegate.h */,
				E8A5B0AB1967316C00BA3AB7 /* DMAppDelegate.m */,
				E8A5B0AD1967316C00BA3AB7 /* Main.storyboard */,
				E8A5B0B01967316C00BA3AB7 /* DMViewController.h */,
				E8A5B0B11967316C00BA3AB7 /* DMViewController.m */,
				E8A5B0B31967316C00BA3AB7 /* Images.xcassets */,
				E8A5B0A21967316C00BA3AB7 /* Supporting Files */,
			);
			path = "pre-course-git";
			sourceTree = "<group>";
		};
		E8A5B0A21967316C00BA3AB7 /* Supporting Files */ = {
			isa = PBXGroup;
			children = (
				E8A5B0A31967316C00BA3AB7 /* pre-course-git-Info.plist */,
				E8A5B0A41967316C00BA3AB7 /* InfoPlist.strings */,
				E8A5B0A71967316C00BA3AB7 /* main.m */,
				E8A5B0A91967316C00BA3AB7 /* pre-course-git-Prefix.pch */,
			);
			name = "Supporting Files";
			sourceTree = "<group>";
		};
		E8A5B0C01967316C00BA3AB7 /* pre-course-gitTests */ = {
			isa = PBXGroup;
			children = (
				E8A5B0C61967316C00BA3AB7 /* pre_course_gitTests.m */,
				E8A5B0C11967316C00BA3AB7 /* Supporting Files */,
			);
			path = "pre-course-gitTests";
			sourceTree = "<group>";
		};
		E8A5B0C11967316C00BA3AB7 /* Supporting Files */ = {
			isa = PBXGroup;
			children = (
				E8A5B0C21967316C00BA3AB7 /* pre-course-gitTests-Info.plist */,
				E8A5B0C31967316C00BA3AB7 /* InfoPlist.strings */,
			);
			name = "Supporting Files";
			sourceTree = "<group>";
		};
/* End PBXGroup section */

/* Begin PBXNativeTarget section */
		E8A5B0971967316C00BA3AB7 /* pre-course-git */ = {
			isa = PBXNativeTarget;
			buildConfigurationList = E8A5B0CA1967316C00BA3AB7 /* Build configuration list for PBXNativeTarget "pre-course-git" */;
			buildPhases = (
				E8A5B0941967316C00BA3AB7 /* Sources */,
				E8A5B0951967316C00BA3AB7 /* Frameworks */,
				E8A5B0961967316C00BA3AB7 /* Resources */,
			);
			buildRules = (
			);
			dependencies = (
			);
			name = "pre-course-git";
			productName = "pre-course-git";
			productReference = E8A5B0981967316C00BA3AB7 /* pre-course-git.app */;
			productType = "com.apple.product-type.application";
		};
		E8A5B0B81967316C00BA3AB7 /* pre-course-gitTests */ = {
			isa = PBXNativeTarget;
			buildConfigurationList = E8A5B0CD1967316C00BA3AB7 /* Build configuration list for PBXNativeTarget "pre-course-gitTests" */;
			buildPhases = (
				E8A5B0B51967316C00BA3AB7 /* Sources */,
				E8A5B0B61967316C00BA3AB7 /* Frameworks */,
				E8A5B0B71967316C00BA3AB7 /* Resources */,
			);
			buildRules = (
			);
			dependencies = (
				E8A5B0BF1967316C00BA3AB7 /* PBXTargetDependency */,
			);
			name = "pre-course-gitTests";
			productName = "pre-course-gitTests";
			productReference = E8A5B0B91967316C00BA3AB7 /* pre-course-gitTests.xctest */;
			productType = "com.apple.product-type.bundle.unit-test";
		};
/* End PBXNativeTarget section */

/* Begin PBXProject section */
		E8A5B0901967316C00BA3AB7 /* Project object */ = {
			isa = PBXProject;
			attributes = {
				CLASSPREFIX = DM;
				LastUpgradeCheck = 0510;
				ORGANIZATIONNAME = "Brandon Beecroft";
				TargetAttributes = {
					E8A5B0B81967316C00BA3AB7 = {
						TestTargetID = E8A5B0971967316C00BA3AB7;
					};
				};
			};
			buildConfigurationList = E8A5B0931967316C00BA3AB7 /* Build configuration list for PBXProject "pre-course-git" */;
			compatibilityVersion = "Xcode 3.2";
			developmentRegion = English;
			hasScannedForEncodings = 0;
			knownRegions = (
				en,
				Base,
			);
			mainGroup = E8A5B08F1967316C00BA3AB7;
			productRefGroup = E8A5B0991967316C00BA3AB7 /* Products */;
			projectDirPath = "";
			projectRoot = "";
			targets = (
				E8A5B0971967316C00BA3AB7 /* pre-course-git */,
				E8A5B0B81967316C00BA3AB7 /* pre-course-gitTests */,
			);
		};
/* End PBXProject section */

/* Begin PBXResourcesBuildPhase section */
		E8A5B0961967316C00BA3AB7 /* Resources */ = {
			isa = PBXResourcesBuildPhase;
			buildActionMask = 2147483647;
			files = (
				E8A5B0B41967316C00BA3AB7 /* Images.xcassets in Resources */,
				E8A5B0A61967316C00BA3AB7 /* InfoPlist.strings in Resources */,
				E8A5B0AF1967316C00BA3AB7 /* Main.storyboard in Resources */,
			);
			runOnlyForDeploymentPostprocessing = 0;
		};
		E8A5B0B71967316C00BA3AB7 /* Resources */ = {
			isa = PBXResourcesBuildPhase;
			buildActionMask = 2147483647;
			files = (
				E8A5B0C51967316C00BA3AB7 /* InfoPlist.strings in Resources */,
			);
			runOnlyForDeploymentPostprocessing = 0;
		};
/* End PBXResourcesBuildPhase section */

/* Begin PBXSourcesBuildPhase section */
		E8A5B0941967316C00BA3AB7 /* Sources */ = {
			isa = PBXSourcesBuildPhase;
			buildActionMask = 2147483647;
			files = (
				E8A5B0A81967316C00BA3AB7 /* main.m in Sources */,
				E8A5B0B21967316C00BA3AB7 /* DMViewController.m in Sources */,
				E8A5B0AC1967316C00BA3AB7 /* DMAppDelegate.m in Sources */,
			);
			runOnlyForDeploymentPostprocessing = 0;
		};
		E8A5B0B51967316C00BA3AB7 /* Sources */ = {
			isa = PBXSourcesBuildPhase;
			buildActionMask = 2147483647;
			files = (
				E8A5B0C71967316C00BA3AB7 /* pre_course_gitTests.m in Sources */,
			);
			runOnlyForDeploymentPostprocessing = 0;
		};
/* End PBXSourcesBuildPhase section */

/* Begin PBXTargetDependency section */
		E8A5B0BF1967316C00BA3AB7 /* PBXTargetDependency */ = {
			isa = PBXTargetDependency;
			target = E8A5B0971967316C00BA3AB7 /* pre-course-git */;
			targetProxy = E8A5B0BE1967316C00BA3AB7 /* PBXContainerItemProxy */;
		};
/* End PBXTargetDependency section */

/* Begin PBXVariantGroup section */
		E8A5B0A41967316C00BA3AB7 /* InfoPlist.strings */ = {
			isa = PBXVariantGroup;
			children = (
				E8A5B0A51967316C00BA3AB7 /* en */,
			);
			name = InfoPlist.strings;
			sourceTree = "<group>";
		};
		E8A5B0AD1967316C00BA3AB7 /* Main.storyboard */ = {
			isa = PBXVariantGroup;
			children = (
				E8A5B0AE1967316C00BA3AB7 /* Base */,
			);
			name = Main.storyboard;
			sourceTree = "<group>";
		};
		E8A5B0C31967316C00BA3AB7 /* InfoPlist.strings */ = {
			isa = PBXVariantGroup;
			children = (
				E8A5B0C41967316C00BA3AB7 /* en */,
			);
			name = InfoPlist.strings;
			sourceTree = "<group>";
		};
/* End PBXVariantGroup section */

/* Begin XCBuildConfiguration section */
		E8A5B0C81967316C00BA3AB7 /* Debug */ = {
			isa = XCBuildConfiguration;
			buildSettings = {
				ALWAYS_SEARCH_USER_PATHS = NO;
				CLANG_CXX_LANGUAGE_STANDARD = "gnu++0x";
				CLANG_CXX_LIBRARY = "libc++";
				CLANG_ENABLE_MODULES = YES;
				CLANG_ENABLE_OBJC_ARC = YES;
				CLANG_WARN_BOOL_CONVERSION = YES;
				CLANG_WARN_CONSTANT_CONVERSION = YES;
				CLANG_WARN_DIRECT_OBJC_ISA_USAGE = YES_ERROR;
				CLANG_WARN_EMPTY_BODY = YES;
				CLANG_WARN_ENUM_CONVERSION = YES;
				CLANG_WARN_INT_CONVERSION = YES;
				CLANG_WARN_OBJC_ROOT_CLASS = YES_ERROR;
				CLANG_WARN__DUPLICATE_METHOD_MATCH = YES;
				"CODE_SIGN_IDENTITY[sdk=iphoneos*]" = "iPhone Developer";
				COPY_PHASE_STRIP = NO;
				GCC_C_LANGUAGE_STANDARD = gnu99;
				GCC_DYNAMIC_NO_PIC = NO;
				GCC_OPTIMIZATION_LEVEL = 0;
				GCC_PREPROCESSOR_DEFINITIONS = (
					"DEBUG=1",
					"$(inherited)",
				);
				GCC_SYMBOLS_PRIVATE_EXTERN = NO;
				GCC_WARN_64_TO_32_BIT_CONVERSION = YES;
				GCC_WARN_ABOUT_RETURN_TYPE = YES_ERROR;
				GCC_WARN_UNDECLARED_SELECTOR = YES;
				GCC_WARN_UNINITIALIZED_AUTOS = YES_AGGRESSIVE;
				GCC_WARN_UNUSED_FUNCTION = YES;
				GCC_WARN_UNUSED_VARIABLE = YES;
				IPHONEOS_DEPLOYMENT_TARGET = 7.1;
				ONLY_ACTIVE_ARCH = YES;
				SDKROOT = iphoneos;
			};
			name = Debug;
		};
		E8A5B0C91967316C00BA3AB7 /* Release */ = {
			isa = XCBuildConfiguration;
			buildSettings = {
				ALWAYS_SEARCH_USER_PATHS = NO;
				CLANG_CXX_LANGUAGE_STANDARD = "gnu++0x";
				CLANG_CXX_LIBRARY = "libc++";
				CLANG_ENABLE_MODULES = YES;
				CLANG_ENABLE_OBJC_ARC = YES;
				CLANG_WARN_BOOL_CONVERSION = YES;
				CLANG_WARN_CONSTANT_CONVERSION = YES;
				CLANG_WARN_DIRECT_OBJC_ISA_USAGE = YES_ERROR;
				CLANG_WARN_EMPTY_BODY = YES;
				CLANG_WARN_ENUM_CONVERSION = YES;
				CLANG_WARN_INT_CONVERSION = YES;
				CLANG_WARN_OBJC_ROOT_CLASS = YES_ERROR;
				CLANG_WARN__DUPLICATE_METHOD_MATCH = YES;
				"CODE_SIGN_IDENTITY[sdk=iphoneos*]" = "iPhone Developer";
				COPY_PHASE_STRIP = YES;
				ENABLE_NS_ASSERTIONS = NO;
				GCC_C_LANGUAGE_STANDARD = gnu99;
				GCC_WARN_64_TO_32_BIT_CONVERSION = YES;
				GCC_WARN_ABOUT_RETURN_TYPE = YES_ERROR;
				GCC_WARN_UNDECLARED_SELECTOR = YES;
				GCC_WARN_UNINITIALIZED_AUTOS = YES_AGGRESSIVE;
				GCC_WARN_UNUSED_FUNCTION = YES;
				GCC_WARN_UNUSED_VARIABLE = YES;
				IPHONEOS_DEPLOYMENT_TARGET = 7.1;
				SDKROOT = iphoneos;
				VALIDATE_PRODUCT = YES;
			};
			name = Release;
		};
		E8A5B0CB1967316C00BA3AB7 /* Debug */ = {
			isa = XCBuildConfiguration;
			buildSettings = {
				ASSETCATALOG_COMPILER_APPICON_NAME = AppIcon;
				ASSETCATALOG_COMPILER_LAUNCHIMAGE_NAME = LaunchImage;
				GCC_PRECOMPILE_PREFIX_HEADER = YES;
				GCC_PREFIX_HEADER = "pre-course-git/pre-course-git-Prefix.pch";
				INFOPLIST_FILE = "pre-course-git/pre-course-git-Info.plist";
				PRODUCT_NAME = "$(TARGET_NAME)";
				WRAPPER_EXTENSION = app;
			};
			name = Debug;
		};
		E8A5B0CC1967316C00BA3AB7 /* Release */ = {
			isa = XCBuildConfiguration;
			buildSettings = {
				ASSETCATALOG_COMPILER_APPICON_NAME = AppIcon;
				ASSETCATALOG_COMPILER_LAUNCHIMAGE_NAME = LaunchImage;
				GCC_PRECOMPILE_PREFIX_HEADER = YES;
				GCC_PREFIX_HEADER = "pre-course-git/pre-course-git-Prefix.pch";
				INFOPLIST_FILE = "pre-course-git/pre-course-git-Info.plist";
				PRODUCT_NAME = "$(TARGET_NAME)";
				WRAPPER_EXTENSION = app;
			};
			name = Release;
		};
		E8A5B0CE1967316C00BA3AB7 /* Debug */ = {
			isa = XCBuildConfiguration;
			buildSettings = {
				BUNDLE_LOADER = "$(BUILT_PRODUCTS_DIR)/pre-course-git.app/pre-course-git";
				FRAMEWORK_SEARCH_PATHS = (
					"$(SDKROOT)/Developer/Library/Frameworks",
					"$(inherited)",
					"$(DEVELOPER_FRAMEWORKS_DIR)",
				);
				GCC_PRECOMPILE_PREFIX_HEADER = YES;
				GCC_PREFIX_HEADER = "pre-course-git/pre-course-git-Prefix.pch";
				GCC_PREPROCESSOR_DEFINITIONS = (
					"DEBUG=1",
					"$(inherited)",
				);
				INFOPLIST_FILE = "pre-course-gitTests/pre-course-gitTests-Info.plist";
				PRODUCT_NAME = "$(TARGET_NAME)";
				TEST_HOST = "$(BUNDLE_LOADER)";
				WRAPPER_EXTENSION = xctest;
			};
			name = Debug;
		};
		E8A5B0CF1967316C00BA3AB7 /* Release */ = {
			isa = XCBuildConfiguration;
			buildSettings = {
				BUNDLE_LOADER = "$(BUILT_PRODUCTS_DIR)/pre-course-git.app/pre-course-git";
				FRAMEWORK_SEARCH_PATHS = (
					"$(SDKROOT)/Developer/Library/Frameworks",
					"$(inherited)",
					"$(DEVELOPER_FRAMEWORKS_DIR)",
				);
				GCC_PRECOMPILE_PREFIX_HEADER = YES;
				GCC_PREFIX_HEADER = "pre-course-git/pre-course-git-Prefix.pch";
				INFOPLIST_FILE = "pre-course-gitTests/pre-course-gitTests-Info.plist";
				PRODUCT_NAME = "$(TARGET_NAME)";
				TEST_HOST = "$(BUNDLE_LOADER)";
				WRAPPER_EXTENSION = xctest;
			};
			name = Release;
		};
/* End XCBuildConfiguration section */

/* Begin XCConfigurationList section */
		E8A5B0931967316C00BA3AB7 /* Build configuration list for PBXProject "pre-course-git" */ = {
			isa = XCConfigurationList;
			buildConfigurations = (
				E8A5B0C81967316C00BA3AB7 /* Debug */,
				E8A5B0C91967316C00BA3AB7 /* Release */,
			);
			defaultConfigurationIsVisible = 0;
			defaultConfigurationName = Release;
		};
		E8A5B0CA1967316C00BA3AB7 /* Build configuration list for PBXNativeTarget "pre-course-git" */ = {
			isa = XCConfigurationList;
			buildConfigurations = (
				E8A5B0CB1967316C00BA3AB7 /* Debug */,
				E8A5B0CC1967316C00BA3AB7 /* Release */,
			);
			defaultConfigurationIsVisible = 0;
		};
		E8A5B0CD1967316C00BA3AB7 /* Build configuration list for PBXNativeTarget "pre-course-gitTests" */ = {
			isa = XCConfigurationList;
			buildConfigurations = (
				E8A5B0CE1967316C00BA3AB7 /* Debug */,
				E8A5B0CF1967316C00BA3AB7 /* Release */,
			);
			defaultConfigurationIsVisible = 0;
		};
/* End XCConfigurationList section */
	};
	rootObject = E8A5B0901967316C00BA3AB7 /* Project object */;
}
